{
  "frontend-data-tracking-budget-angular": {
    "agent": "afe1e6ef",
    "phase": "api_schema",
    "started_at": 1784502898.406192,
    "status": "in_progress"
  },
  "frontend-landing-units-gr": {
    "agent": "afe1e6ef",
    "phase": "api_schema",
    "started_at": 1784502908.772772,
    "status": "in_progress"
  },
  "frontend-data-tracking-media-timeline": {
    "agent": "afe1e6ef",
    "phase": "api_schema",
    "started_at": 1784502914.248779,
    "status": "in_progress"
  },
  "frontend-productivity-semantic-search": {
    "agent": "afe1e6ef",
    "phase": "api_schema",
    "started_at": 1784502933.1122549,
    "status": "in_progress"
  },
  "frontend-mosbyfiles": {
    "agent": "afe1e6ef",
    "phase": "api_schema",
    "started_at": 1784502936.6588101,
    "status": "in_progress"
  }
}
